
Microsoft Visual Studio Solution File, Format Version 12.00
# Visual Studio Version 16
VisualStudioVersion = 16.0.31624.102
MinimumVisualStudioVersion = 10.0.40219.1
Project("{FAE04EC0-301F-11D3-BF4B-00C04F79EFBC}") = "WindowsFormsApp1", "WindowsFormsApp1\WindowsFormsApp1.csproj", "{BC3419B6-C495-4F17-BF14-73823139178B}"
EndProject
Global
	GlobalSection(SolutionConfigurationPlatforms) = preSolution
		Debug|Any CPU = Debug|Any CPU
		Release|Any CPU = Release|Any CPU
	EndGlobalSection
	GlobalSection(ProjectConfigurationPlatforms) = postSolution
		{BC3419B6-C495-4F17-BF14-73823139178B}.Debug|Any CPU.ActiveCfg = Debug|Any CPU
		{BC3419B6-C495-4F17-BF14-73823139178B}.Debug|Any CPU.Build.0 = Debug|Any CPU
		{BC3419B6-C495-4F17-BF14-73823139178B}.Release|Any CPU.ActiveCfg = Release|Any CPU
		{BC3419B6-C495-4F17-BF14-73823139178B}.Release|Any CPU.Build.0 = Release|Any CPU
	EndGlobalSection
	GlobalSection(SolutionProperties) = preSolution
		HideSolutionNode = FALSE
	EndGlobalSection
	GlobalSection(ExtensibilityGlobals) = postSolution
		SolutionGuid = {AF9227F6-1581-42AF-9535-655F976ED927}
	EndGlobalSection
EndGlobal
